
Microsoft Visual Studio Solution File, Format Version 12.00
# Visual Studio Version 17
VisualStudioVersion = 17.3.32819.101
MinimumVisualStudioVersion = 10.0.40219.1
Project("{FAE04EC0-301F-11D3-BF4B-00C04F79EFBC}") = "HittaTalv2", "HittaTalv2\HittaTalv2.csproj", "{C6207098-F4AD-429F-8B34-D753E0FA2131}"
EndProject
Global
	GlobalSection(SolutionConfigurationPlatforms) = preSolution
		Debug|Any CPU = Debug|Any CPU
		Release|Any CPU = Release|Any CPU
	EndGlobalSection
	GlobalSection(ProjectConfigurationPlatforms) = postSolution
		{C6207098-F4AD-429F-8B34-D753E0FA2131}.Debug|Any CPU.ActiveCfg = Debug|Any CPU
		{C6207098-F4AD-429F-8B34-D753E0FA2131}.Debug|Any CPU.Build.0 = Debug|Any CPU
		{C6207098-F4AD-429F-8B34-D753E0FA2131}.Release|Any CPU.ActiveCfg = Release|Any CPU
		{C6207098-F4AD-429F-8B34-D753E0FA2131}.Release|Any CPU.Build.0 = Release|Any CPU
	EndGlobalSection
	GlobalSection(SolutionProperties) = preSolution
		HideSolutionNode = FALSE
	EndGlobalSection
	GlobalSection(ExtensibilityGlobals) = postSolution
		SolutionGuid = {0877BB65-1EC4-4D47-A84F-92313127F8A4}
	EndGlobalSection
EndGlobal
